# This file is automatically @generated by Cargo.
# It is not intended for manual editing.
version = 3

[[package]]
name = "qf-cli"
version = "0.1.0"
dependencies = [
 "qf-common",
 "qf-exec",
 "qf-plan",
 "qf-sql",
 "qf-storage",
]

[[package]]
name = "qf-common"
version = "0.1.0"

[[package]]
name = "qf-exec"
version = "0.1.0"
dependencies = [
 "qf-common",
 "qf-plan",
 "qf-sql",
 "qf-storage",
]

[[package]]
name = "qf-plan"
version = "0.1.0"
dependencies = [
 "qf-common",
 "qf-sql",
 "qf-storage",
]

[[package]]
name = "qf-sql"
version = "0.1.0"
dependencies = [
 "qf-common",
]

[[package]]
name = "qf-storage"
version = "0.1.0"
dependencies = [
 "qf-common",
]
